
Microsoft Visual Studio Solution File, Format Version 12.00
# Visual Studio Version 16
VisualStudioVersion = 16.0.31005.135
MinimumVisualStudioVersion = 10.0.40219.1
Project("{FAE04EC0-301F-11D3-BF4B-00C04F79EFBC}") = "Sem15", "Sem15\Sem15.csproj", "{7C3D96A0-0034-4A94-B94A-0E4905EB4907}"
EndProject
Global
	GlobalSection(SolutionConfigurationPlatforms) = preSolution
		Debug|Any CPU = Debug|Any CPU
		Release|Any CPU = Release|Any CPU
	EndGlobalSection
	GlobalSection(ProjectConfigurationPlatforms) = postSolution
		{7C3D96A0-0034-4A94-B94A-0E4905EB4907}.Debug|Any CPU.ActiveCfg = Debug|Any CPU
		{7C3D96A0-0034-4A94-B94A-0E4905EB4907}.Debug|Any CPU.Build.0 = Debug|Any CPU
		{7C3D96A0-0034-4A94-B94A-0E4905EB4907}.Release|Any CPU.ActiveCfg = Release|Any CPU
		{7C3D96A0-0034-4A94-B94A-0E4905EB4907}.Release|Any CPU.Build.0 = Release|Any CPU
	EndGlobalSection
	GlobalSection(SolutionProperties) = preSolution
		HideSolutionNode = FALSE
	EndGlobalSection
	GlobalSection(ExtensibilityGlobals) = postSolution
		SolutionGuid = {B5D689D9-6AB5-45C5-9947-5789C30774B4}
	EndGlobalSection
EndGlobal
